{
  "name": "ntp-sync-countdown",
  "version": "1.0.0",
  "lockfileVersion": 3,
  "requires": true,
  "packages": {
    "": {
      "name": "ntp-sync-countdown",
      "version": "1.0.0",
      "dependencies": {
        "ntp-client": "^0.5.3"
      }
    },
    "node_modules/ntp-client": {
      "version": "0.5.3",
      "resolved": "https://registry.npmjs.org/ntp-client/-/ntp-client-0.5.3.tgz",
      "integrity": "sha512-/Ja8ljm8V0yb+zZnjEaJlFY3abA9gIpQcnkX8RJ59NzHVcnJJpGoKtU3UcrnAwRfduYAktI+2gJLpn1NepxgnA==",
      "bin": {
        "node-ntp-client": "bin/node-ntp-client"
      },
      "engines": {
        "node": ">= 0.10.0"
      }
    }
  }
}
